
Microsoft Visual Studio Solution File, Format Version 12.00
# Visual Studio 2013
VisualStudioVersion = 12.0.40629.0
MinimumVisualStudioVersion = 10.0.40219.1
Project("{FAE04EC0-301F-11D3-BF4B-00C04F79EFBC}") = "cvisoftware", "cvisoftware\cvisoftware.csproj", "{BDA40F33-1975-4A3C-83AD-2AC8892A0A30}"
EndProject
Global
	GlobalSection(SolutionConfigurationPlatforms) = preSolution
		Debug|Any CPU = Debug|Any CPU
		Release|Any CPU = Release|Any CPU
	EndGlobalSection
	GlobalSection(ProjectConfigurationPlatforms) = postSolution
		{BDA40F33-1975-4A3C-83AD-2AC8892A0A30}.Debug|Any CPU.ActiveCfg = Debug|Any CPU
		{BDA40F33-1975-4A3C-83AD-2AC8892A0A30}.Debug|Any CPU.Build.0 = Debug|Any CPU
		{BDA40F33-1975-4A3C-83AD-2AC8892A0A30}.Release|Any CPU.ActiveCfg = Release|Any CPU
		{BDA40F33-1975-4A3C-83AD-2AC8892A0A30}.Release|Any CPU.Build.0 = Release|Any CPU
	EndGlobalSection
	GlobalSection(SolutionProperties) = preSolution
		HideSolutionNode = FALSE
	EndGlobalSection
EndGlobal
